
Microsoft Visual Studio Solution File, Format Version 12.00
# Visual Studio Version 17
VisualStudioVersion = 17.5.33516.290
MinimumVisualStudioVersion = 10.0.40219.1
Project("{9A19103F-16F7-4668-BE54-9A1E7A4F7556}") = "Examen.NET", "TallerIndentity\Examen.NET.csproj", "{9EE19D49-A61E-485A-BEB5-7A5E2D693722}"
EndProject
Global
	GlobalSection(SolutionConfigurationPlatforms) = preSolution
		Debug|Any CPU = Debug|Any CPU
		Release|Any CPU = Release|Any CPU
	EndGlobalSection
	GlobalSection(ProjectConfigurationPlatforms) = postSolution
		{9EE19D49-A61E-485A-BEB5-7A5E2D693722}.Debug|Any CPU.ActiveCfg = Debug|Any CPU
		{9EE19D49-A61E-485A-BEB5-7A5E2D693722}.Debug|Any CPU.Build.0 = Debug|Any CPU
		{9EE19D49-A61E-485A-BEB5-7A5E2D693722}.Release|Any CPU.ActiveCfg = Release|Any CPU
		{9EE19D49-A61E-485A-BEB5-7A5E2D693722}.Release|Any CPU.Build.0 = Release|Any CPU
	EndGlobalSection
	GlobalSection(SolutionProperties) = preSolution
		HideSolutionNode = FALSE
	EndGlobalSection
	GlobalSection(ExtensibilityGlobals) = postSolution
		SolutionGuid = {45B6F8DD-3594-4A8F-859B-195FD1BDB07E}
	EndGlobalSection
EndGlobal
